
Microsoft Visual Studio Solution File, Format Version 12.00
# Visual Studio Version 17
VisualStudioVersion = 17.14.36121.58 d17.14
MinimumVisualStudioVersion = 10.0.40219.1
Project("{FAE04EC0-301F-11D3-BF4B-00C04F79EFBC}") = "Slide_Bar_At_School", "Slide_Bar_At_School\Slide_Bar_At_School.csproj", "{038D4622-8C70-4B27-95CE-94E92377BDDF}"
EndProject
Global
	GlobalSection(SolutionConfigurationPlatforms) = preSolution
		Debug|Any CPU = Debug|Any CPU
		Release|Any CPU = Release|Any CPU
	EndGlobalSection
	GlobalSection(ProjectConfigurationPlatforms) = postSolution
		{038D4622-8C70-4B27-95CE-94E92377BDDF}.Debug|Any CPU.ActiveCfg = Debug|Any CPU
		{038D4622-8C70-4B27-95CE-94E92377BDDF}.Debug|Any CPU.Build.0 = Debug|Any CPU
		{038D4622-8C70-4B27-95CE-94E92377BDDF}.Release|Any CPU.ActiveCfg = Release|Any CPU
		{038D4622-8C70-4B27-95CE-94E92377BDDF}.Release|Any CPU.Build.0 = Release|Any CPU
	EndGlobalSection
	GlobalSection(SolutionProperties) = preSolution
		HideSolutionNode = FALSE
	EndGlobalSection
	GlobalSection(ExtensibilityGlobals) = postSolution
		SolutionGuid = {084FABF6-598E-4CD5-92F7-A660087F9D6A}
	EndGlobalSection
EndGlobal
